
Microsoft Visual Studio Solution File, Format Version 12.00
# Visual Studio 15
VisualStudioVersion = 15.0.27004.2008
MinimumVisualStudioVersion = 10.0.40219.1
Project("{FAE04EC0-301F-11D3-BF4B-00C04F79EFBC}") = "AgencyTransaction", "AgencyTransaction\AgencyTransaction.csproj", "{2B3D92C9-CBCD-4AF7-9135-20CD97143ACF}"
EndProject
Project("{FAE04EC0-301F-11D3-BF4B-00C04F79EFBC}") = "Lock", "Lock\Lock.csproj", "{02F32860-7875-4D48-BB8C-FCD121845C6F}"
EndProject
Project("{FAE04EC0-301F-11D3-BF4B-00C04F79EFBC}") = "HelloWorld", "HelloWorld\HelloWorld.csproj", "{BB4BA99D-2AA8-436B-892D-F82375E565B5}"
EndProject
Project("{FAE04EC0-301F-11D3-BF4B-00C04F79EFBC}") = "Domain", "Domain\Domain.csproj", "{F6ED9982-E374-4A37-8332-CE4368A9B802}"
EndProject
Project("{FAE04EC0-301F-11D3-BF4B-00C04F79EFBC}") = "StructExample", "StructExample\StructExample.csproj", "{6777CA72-89CB-4FDD-84C3-BC82A440CD58}"
EndProject
Project("{FAE04EC0-301F-11D3-BF4B-00C04F79EFBC}") = "ICO_Template", "ICO_Template\ICO_Template.csproj", "{5DE79897-0F79-48F7-95C1-92B4A73170C6}"
EndProject
Project("{FAE04EC0-301F-11D3-BF4B-00C04F79EFBC}") = "NeoContractLock", "NeoContractLock\NeoContractLock.csproj", "{384B5575-8FF8-4F92-8851-58F29456C5D7}"
EndProject
Project("{FAE04EC0-301F-11D3-BF4B-00C04F79EFBC}") = "OperationsContract", "OperationsContract\OperationsContract.csproj", "{6A8FD5F8-A636-45D5-B50F-6159136DF551}"
EndProject
Project("{FAE04EC0-301F-11D3-BF4B-00C04F79EFBC}") = "ConsoleApp1", "ConsoleApp1\ConsoleApp1.csproj", "{D7B8E407-9C9B-4040-BC4F-7F7724C17481}"
EndProject
Project("{FAE04EC0-301F-11D3-BF4B-00C04F79EFBC}") = "Proxy", "DynamicCaller\Proxy.csproj", "{724758BB-F156-4AD4-AC61-273A051B36A8}"
EndProject
Project("{FAE04EC0-301F-11D3-BF4B-00C04F79EFBC}") = "VersionedContract", "VersionedContract\VersionedContract.csproj", "{75623A86-BC0F-4734-95B3-E5DFA92A9461}"
EndProject
Project("{FAE04EC0-301F-11D3-BF4B-00C04F79EFBC}") = "LikeMe", "LikeMe\LikeMe.csproj", "{F3053E28-A4F1-4641-9377-863F59507ED6}"
EndProject
Project("{FAE04EC0-301F-11D3-BF4B-00C04F79EFBC}") = "TripShare", "TripShare\TripShare.csproj", "{D5193020-6327-4E22-8F08-52D146B467B2}"
EndProject
Project("{FAE04EC0-301F-11D3-BF4B-00C04F79EFBC}") = "Attandance", "Attandance\Attandance.csproj", "{AC38D292-5E05-439A-81A6-77FDB963051D}"
EndProject
Project("{FAE04EC0-301F-11D3-BF4B-00C04F79EFBC}") = "NeoContract1", "NeoContract1\NeoContract1.csproj", "{F47DC0A3-0B4B-40CF-8914-AC3DDFA65EFD}"
EndProject
Project("{FAE04EC0-301F-11D3-BF4B-00C04F79EFBC}") = "IcoShare", "IcoShare\IcoShare.csproj", "{D04565BB-0B72-4028-BCFC-6CD238C98C14}"
EndProject
Global
	GlobalSection(SolutionConfigurationPlatforms) = preSolution
		Debug|Any CPU = Debug|Any CPU
		Release|Any CPU = Release|Any CPU
	EndGlobalSection
	GlobalSection(ProjectConfigurationPlatforms) = postSolution
		{2B3D92C9-CBCD-4AF7-9135-20CD97143ACF}.Debug|Any CPU.ActiveCfg = Debug|Any CPU
		{2B3D92C9-CBCD-4AF7-9135-20CD97143ACF}.Debug|Any CPU.Build.0 = Debug|Any CPU
		{2B3D92C9-CBCD-4AF7-9135-20CD97143ACF}.Release|Any CPU.ActiveCfg = Release|Any CPU
		{2B3D92C9-CBCD-4AF7-9135-20CD97143ACF}.Release|Any CPU.Build.0 = Release|Any CPU
		{02F32860-7875-4D48-BB8C-FCD121845C6F}.Debug|Any CPU.ActiveCfg = Debug|Any CPU
		{02F32860-7875-4D48-BB8C-FCD121845C6F}.Debug|Any CPU.Build.0 = Debug|Any CPU
		{02F32860-7875-4D48-BB8C-FCD121845C6F}.Release|Any CPU.ActiveCfg = Release|Any CPU
		{02F32860-7875-4D48-BB8C-FCD121845C6F}.Release|Any CPU.Build.0 = Release|Any CPU
		{BB4BA99D-2AA8-436B-892D-F82375E565B5}.Debug|Any CPU.ActiveCfg = Debug|Any CPU
		{BB4BA99D-2AA8-436B-892D-F82375E565B5}.Debug|Any CPU.Build.0 = Debug|Any CPU
		{BB4BA99D-2AA8-436B-892D-F82375E565B5}.Release|Any CPU.ActiveCfg = Release|Any CPU
		{BB4BA99D-2AA8-436B-892D-F82375E565B5}.Release|Any CPU.Build.0 = Release|Any CPU
		{F6ED9982-E374-4A37-8332-CE4368A9B802}.Debug|Any CPU.ActiveCfg = Debug|Any CPU
		{F6ED9982-E374-4A37-8332-CE4368A9B802}.Debug|Any CPU.Build.0 = Debug|Any CPU
		{F6ED9982-E374-4A37-8332-CE4368A9B802}.Release|Any CPU.ActiveCfg = Release|Any CPU
		{F6ED9982-E374-4A37-8332-CE4368A9B802}.Release|Any CPU.Build.0 = Release|Any CPU
		{6777CA72-89CB-4FDD-84C3-BC82A440CD58}.Debug|Any CPU.ActiveCfg = Debug|Any CPU
		{6777CA72-89CB-4FDD-84C3-BC82A440CD58}.Debug|Any CPU.Build.0 = Debug|Any CPU
		{6777CA72-89CB-4FDD-84C3-BC82A440CD58}.Release|Any CPU.ActiveCfg = Release|Any CPU
		{6777CA72-89CB-4FDD-84C3-BC82A440CD58}.Release|Any CPU.Build.0 = Release|Any CPU
		{5DE79897-0F79-48F7-95C1-92B4A73170C6}.Debug|Any CPU.ActiveCfg = Debug|Any CPU
		{5DE79897-0F79-48F7-95C1-92B4A73170C6}.Debug|Any CPU.Build.0 = Debug|Any CPU
		{5DE79897-0F79-48F7-95C1-92B4A73170C6}.Release|Any CPU.ActiveCfg = Release|Any CPU
		{5DE79897-0F79-48F7-95C1-92B4A73170C6}.Release|Any CPU.Build.0 = Release|Any CPU
		{384B5575-8FF8-4F92-8851-58F29456C5D7}.Debug|Any CPU.ActiveCfg = Debug|Any CPU
		{384B5575-8FF8-4F92-8851-58F29456C5D7}.Debug|Any CPU.Build.0 = Debug|Any CPU
		{384B5575-8FF8-4F92-8851-58F29456C5D7}.Release|Any CPU.ActiveCfg = Release|Any CPU
		{384B5575-8FF8-4F92-8851-58F29456C5D7}.Release|Any CPU.Build.0 = Release|Any CPU
		{6A8FD5F8-A636-45D5-B50F-6159136DF551}.Debug|Any CPU.ActiveCfg = Debug|Any CPU
		{6A8FD5F8-A636-45D5-B50F-6159136DF551}.Debug|Any CPU.Build.0 = Debug|Any CPU
		{6A8FD5F8-A636-45D5-B50F-6159136DF551}.Release|Any CPU.ActiveCfg = Release|Any CPU
		{6A8FD5F8-A636-45D5-B50F-6159136DF551}.Release|Any CPU.Build.0 = Release|Any CPU
		{D7B8E407-9C9B-4040-BC4F-7F7724C17481}.Debug|Any CPU.ActiveCfg = Debug|Any CPU
		{D7B8E407-9C9B-4040-BC4F-7F7724C17481}.Debug|Any CPU.Build.0 = Debug|Any CPU
		{D7B8E407-9C9B-4040-BC4F-7F7724C17481}.Release|Any CPU.ActiveCfg = Release|Any CPU
		{D7B8E407-9C9B-4040-BC4F-7F7724C17481}.Release|Any CPU.Build.0 = Release|Any CPU
		{724758BB-F156-4AD4-AC61-273A051B36A8}.Debug|Any CPU.ActiveCfg = Debug|Any CPU
		{724758BB-F156-4AD4-AC61-273A051B36A8}.Debug|Any CPU.Build.0 = Debug|Any CPU
		{724758BB-F156-4AD4-AC61-273A051B36A8}.Release|Any CPU.ActiveCfg = Release|Any CPU
		{724758BB-F156-4AD4-AC61-273A051B36A8}.Release|Any CPU.Build.0 = Release|Any CPU
		{75623A86-BC0F-4734-95B3-E5DFA92A9461}.Debug|Any CPU.ActiveCfg = Debug|Any CPU
		{75623A86-BC0F-4734-95B3-E5DFA92A9461}.Debug|Any CPU.Build.0 = Debug|Any CPU
		{75623A86-BC0F-4734-95B3-E5DFA92A9461}.Release|Any CPU.ActiveCfg = Release|Any CPU
		{75623A86-BC0F-4734-95B3-E5DFA92A9461}.Release|Any CPU.Build.0 = Release|Any CPU
		{F3053E28-A4F1-4641-9377-863F59507ED6}.Debug|Any CPU.ActiveCfg = Debug|Any CPU
		{F3053E28-A4F1-4641-9377-863F59507ED6}.Debug|Any CPU.Build.0 = Debug|Any CPU
		{F3053E28-A4F1-4641-9377-863F59507ED6}.Release|Any CPU.ActiveCfg = Release|Any CPU
		{F3053E28-A4F1-4641-9377-863F59507ED6}.Release|Any CPU.Build.0 = Release|Any CPU
		{D5193020-6327-4E22-8F08-52D146B467B2}.Debug|Any CPU.ActiveCfg = Debug|Any CPU
		{D5193020-6327-4E22-8F08-52D146B467B2}.Debug|Any CPU.Build.0 = Debug|Any CPU
		{D5193020-6327-4E22-8F08-52D146B467B2}.Release|Any CPU.ActiveCfg = Release|Any CPU
		{D5193020-6327-4E22-8F08-52D146B467B2}.Release|Any CPU.Build.0 = Release|Any CPU
		{AC38D292-5E05-439A-81A6-77FDB963051D}.Debug|Any CPU.ActiveCfg = Debug|Any CPU
		{AC38D292-5E05-439A-81A6-77FDB963051D}.Debug|Any CPU.Build.0 = Debug|Any CPU
		{AC38D292-5E05-439A-81A6-77FDB963051D}.Release|Any CPU.ActiveCfg = Release|Any CPU
		{AC38D292-5E05-439A-81A6-77FDB963051D}.Release|Any CPU.Build.0 = Release|Any CPU
		{F47DC0A3-0B4B-40CF-8914-AC3DDFA65EFD}.Debug|Any CPU.ActiveCfg = Debug|Any CPU
		{F47DC0A3-0B4B-40CF-8914-AC3DDFA65EFD}.Debug|Any CPU.Build.0 = Debug|Any CPU
		{F47DC0A3-0B4B-40CF-8914-AC3DDFA65EFD}.Release|Any CPU.ActiveCfg = Release|Any CPU
		{F47DC0A3-0B4B-40CF-8914-AC3DDFA65EFD}.Release|Any CPU.Build.0 = Release|Any CPU
		{D04565BB-0B72-4028-BCFC-6CD238C98C14}.Debug|Any CPU.ActiveCfg = Debug|Any CPU
		{D04565BB-0B72-4028-BCFC-6CD238C98C14}.Debug|Any CPU.Build.0 = Debug|Any CPU
		{D04565BB-0B72-4028-BCFC-6CD238C98C14}.Release|Any CPU.ActiveCfg = Release|Any CPU
		{D04565BB-0B72-4028-BCFC-6CD238C98C14}.Release|Any CPU.Build.0 = Release|Any CPU
	EndGlobalSection
	GlobalSection(SolutionProperties) = preSolution
		HideSolutionNode = FALSE
	EndGlobalSection
	GlobalSection(ExtensibilityGlobals) = postSolution
		SolutionGuid = {169EC3B8-6AF3-4326-A39C-07FB940E4DEB}
	EndGlobalSection
EndGlobal
